
Microsoft Visual Studio Solution File, Format Version 12.00
# Visual Studio 15
VisualStudioVersion = 15.0.26430.13
MinimumVisualStudioVersion = 10.0.40219.1
Project("{FAE04EC0-301F-11D3-BF4B-00C04F79EFBC}") = "QR_Tool_Winform", "QR_Tool_Winform\QR_Tool_Winform.csproj", "{2399BE0D-A87A-4A44-AAB2-32CDA881EB1C}"
EndProject
Global
	GlobalSection(SolutionConfigurationPlatforms) = preSolution
		Debug|Any CPU = Debug|Any CPU
		Debug|x86 = Debug|x86
		Release|Any CPU = Release|Any CPU
		Release|x86 = Release|x86
	EndGlobalSection
	GlobalSection(ProjectConfigurationPlatforms) = postSolution
		{2399BE0D-A87A-4A44-AAB2-32CDA881EB1C}.Debug|Any CPU.ActiveCfg = Debug|Any CPU
		{2399BE0D-A87A-4A44-AAB2-32CDA881EB1C}.Debug|Any CPU.Build.0 = Debug|Any CPU
		{2399BE0D-A87A-4A44-AAB2-32CDA881EB1C}.Debug|x86.ActiveCfg = Debug|x86
		{2399BE0D-A87A-4A44-AAB2-32CDA881EB1C}.Debug|x86.Build.0 = Debug|x86
		{2399BE0D-A87A-4A44-AAB2-32CDA881EB1C}.Release|Any CPU.ActiveCfg = Release|Any CPU
		{2399BE0D-A87A-4A44-AAB2-32CDA881EB1C}.Release|Any CPU.Build.0 = Release|Any CPU
		{2399BE0D-A87A-4A44-AAB2-32CDA881EB1C}.Release|x86.ActiveCfg = Release|x86
		{2399BE0D-A87A-4A44-AAB2-32CDA881EB1C}.Release|x86.Build.0 = Release|x86
	EndGlobalSection
	GlobalSection(SolutionProperties) = preSolution
		HideSolutionNode = FALSE
	EndGlobalSection
EndGlobal
